// !$*UTF8*$!
{
	archiveVersion = 1;
	classes = {
	};
	objectVersion = 50;
	objects = {

/* Begin PBXBuildFile section */
		C10252742210F44C002CBE85 /* AppDelegate.swift in Sources */ = {isa = PBXBuildFile; fileRef = C10252732210F44C002CBE85 /* AppDelegate.swift */; };
		C10252792210F44C002CBE85 /* Main.storyboard in Resources */ = {isa = PBXBuildFile; fileRef = C10252772210F44C002CBE85 /* Main.storyboard */; };
		C102527B2210F44D002CBE85 /* Assets.xcassets in Resources */ = {isa = PBXBuildFile; fileRef = C102527A2210F44D002CBE85 /* Assets.xcassets */; };
		C102527E2210F44D002CBE85 /* LaunchScreen.storyboard in Resources */ = {isa = PBXBuildFile; fileRef = C102527C2210F44D002CBE85 /* LaunchScreen.storyboard */; };
		C102528A2210F4AB002CBE85 /* Extensions.swift in Sources */ = {isa = PBXBuildFile; fileRef = C10252892210F4AB002CBE85 /* Extensions.swift */; };
		C102528C2210F4CD002CBE85 /* LoginVC.swift in Sources */ = {isa = PBXBuildFile; fileRef = C102528B2210F4CD002CBE85 /* LoginVC.swift */; };
		C102529022128692002CBE85 /* SignUpVC.swift in Sources */ = {isa = PBXBuildFile; fileRef = C102528F22128692002CBE85 /* SignUpVC.swift */; };
		C102529222129032002CBE85 /* GoogleService-Info.plist in Resources */ = {isa = PBXBuildFile; fileRef = C102529122129032002CBE85 /* GoogleService-Info.plist */; };
		C10252942213CDE4002CBE85 /* Constants.swift in Sources */ = {isa = PBXBuildFile; fileRef = C10252932213CDE4002CBE85 /* Constants.swift */; };
		C9D69FFA2A79A7FD612DB918 /* Pods_instagram_clone.framework in Frameworks */ = {isa = PBXBuildFile; fileRef = 4D82DC3BE5F8891C1BC7B285 /* Pods_instagram_clone.framework */; };
/* End PBXBuildFile section */

/* Begin PBXFileReference section */
		3660E1F5CA763B8BEB4A8E0A /* Pods-instagram-clone.release.xcconfig */ = {isa = PBXFileReference; includeInIndex = 1; lastKnownFileType = text.xcconfig; name = "Pods-instagram-clone.release.xcconfig"; path = "Pods/Target Support Files/Pods-instagram-clone/Pods-instagram-clone.release.xcconfig"; sourceTree = "<group>"; };
		4D82DC3BE5F8891C1BC7B285 /* Pods_instagram_clone.framework */ = {isa = PBXFileReference; explicitFileType = wrapper.framework; includeInIndex = 0; path = Pods_instagram_clone.framework; sourceTree = BUILT_PRODUCTS_DIR; };
		81E769AA86B0956966DC5182 /* Pods-instagram-clone.debug.xcconfig */ = {isa = PBXFileReference; includeInIndex = 1; lastKnownFileType = text.xcconfig; name = "Pods-instagram-clone.debug.xcconfig"; path = "Pods/Target Support Files/Pods-instagram-clone/Pods-instagram-clone.debug.xcconfig"; sourceTree = "<group>"; };
		C10252702210F44C002CBE85 /* instagram-clone.app */ = {isa = PBXFileReference; explicitFileType = wrapper.application; includeInIndex = 0; path = "instagram-clone.app"; sourceTree = BUILT_PRODUCTS_DIR; };
		C10252732210F44C002CBE85 /* AppDelegate.swift */ = {isa = PBXFileReference; lastKnownFileType = sourcecode.swift; path = AppDelegate.swift; sourceTree = "<group>"; };
		C10252782210F44C002CBE85 /* Base */ = {isa = PBXFileReference; lastKnownFileType = file.storyboard; name = Base; path = Base.lproj/Main.storyboard; sourceTree = "<group>"; };
		C102527A2210F44D002CBE85 /* Assets.xcassets */ = {isa = PBXFileReference; lastKnownFileType = folder.assetcatalog; path = Assets.xcassets; sourceTree = "<group>"; };
		C102527D2210F44D002CBE85 /* Base */ = {isa = PBXFileReference; lastKnownFileType = file.storyboard; name = Base; path = Base.lproj/LaunchScreen.storyboard; sourceTree = "<group>"; };
		C102527F2210F44D002CBE85 /* Info.plist */ = {isa = PBXFileReference; lastKnownFileType = text.plist.xml; path = Info.plist; sourceTree = "<group>"; };
		C10252892210F4AB002CBE85 /* Extensions.swift */ = {isa = PBXFileReference; lastKnownFileType = sourcecode.swift; path = Extensions.swift; sourceTree = "<group>"; };
		C102528B2210F4CD002CBE85 /* LoginVC.swift */ = {isa = PBXFileReference; lastKnownFileType = sourcecode.swift; path = LoginVC.swift; sourceTree = "<group>"; };
		C102528F22128692002CBE85 /* SignUpVC.swift */ = {isa = PBXFileReference; lastKnownFileType = sourcecode.swift; path = SignUpVC.swift; sourceTree = "<group>"; };
		C102529122129032002CBE85 /* GoogleService-Info.plist */ = {isa = PBXFileReference; fileEncoding = 4; lastKnownFileType = text.plist.xml; path = "GoogleService-Info.plist"; sourceTree = "<group>"; };
		C10252932213CDE4002CBE85 /* Constants.swift */ = {isa = PBXFileReference; lastKnownFileType = sourcecode.swift; path = Constants.swift; sourceTree = "<group>"; };
/* End PBXFileReference section */

/* Begin PBXFrameworksBuildPhase section */
		C102526D2210F44C002CBE85 /* Frameworks */ = {
			isa = PBXFrameworksBuildPhase;
			buildActionMask = 2147483647;
			files = (
				C9D69FFA2A79A7FD612DB918 /* Pods_instagram_clone.framework in Frameworks */,
			);
			runOnlyForDeploymentPostprocessing = 0;
		};
/* End PBXFrameworksBuildPhase section */

/* Begin PBXGroup section */
		23E18C6D931064DA90A96B50 /* Pods */ = {
			isa = PBXGroup;
			children = (
				81E769AA86B0956966DC5182 /* Pods-instagram-clone.debug.xcconfig */,
				3660E1F5CA763B8BEB4A8E0A /* Pods-instagram-clone.release.xcconfig */,
			);
			name = Pods;
			sourceTree = "<group>";
		};
		B3CA454E2887F775160A4543 /* Frameworks */ = {
			isa = PBXGroup;
			children = (
				4D82DC3BE5F8891C1BC7B285 /* Pods_instagram_clone.framework */,
			);
			name = Frameworks;
			sourceTree = "<group>";
		};
		C10252672210F44C002CBE85 = {
			isa = PBXGroup;
			children = (
				C10252722210F44C002CBE85 /* instagram-clone */,
				C10252712210F44C002CBE85 /* Products */,
				23E18C6D931064DA90A96B50 /* Pods */,
				B3CA454E2887F775160A4543 /* Frameworks */,
			);
			sourceTree = "<group>";
		};
		C10252712210F44C002CBE85 /* Products */ = {
			isa = PBXGroup;
			children = (
				C10252702210F44C002CBE85 /* instagram-clone.app */,
			);
			name = Products;
			sourceTree = "<group>";
		};
		C10252722210F44C002CBE85 /* instagram-clone */ = {
			isa = PBXGroup;
			children = (
				C10252882210F477002CBE85 /* Utils */,
				C10252872210F470002CBE85 /* Controller */,
				C10252862210F466002CBE85 /* View */,
				C10252852210F45D002CBE85 /* Model */,
				C10252732210F44C002CBE85 /* AppDelegate.swift */,
				C10252772210F44C002CBE85 /* Main.storyboard */,
				C102527A2210F44D002CBE85 /* Assets.xcassets */,
				C102527C2210F44D002CBE85 /* LaunchScreen.storyboard */,
				C102527F2210F44D002CBE85 /* Info.plist */,
				C102529122129032002CBE85 /* GoogleService-Info.plist */,
			);
			path = "instagram-clone";
			sourceTree = "<group>";
		};
		C10252852210F45D002CBE85 /* Model */ = {
			isa = PBXGroup;
			children = (
			);
			path = Model;
			sourceTree = "<group>";
		};
		C10252862210F466002CBE85 /* View */ = {
			isa = PBXGroup;
			children = (
			);
			path = View;
			sourceTree = "<group>";
		};
		C10252872210F470002CBE85 /* Controller */ = {
			isa = PBXGroup;
			children = (
				C102528B2210F4CD002CBE85 /* LoginVC.swift */,
				C102528F22128692002CBE85 /* SignUpVC.swift */,
			);
			path = Controller;
			sourceTree = "<group>";
		};
		C10252882210F477002CBE85 /* Utils */ = {
			isa = PBXGroup;
			children = (
				C10252892210F4AB002CBE85 /* Extensions.swift */,
				C10252932213CDE4002CBE85 /* Constants.swift */,
			);
			path = Utils;
			sourceTree = "<group>";
		};
/* End PBXGroup section */

/* Begin PBXNativeTarget section */
		C102526F2210F44C002CBE85 /* instagram-clone */ = {
			isa = PBXNativeTarget;
			buildConfigurationList = C10252822210F44D002CBE85 /* Build configuration list for PBXNativeTarget "instagram-clone" */;
			buildPhases = (
				0AEAD5E98644F507130B96AF /* [CP] Check Pods Manifest.lock */,
				C102526C2210F44C002CBE85 /* Sources */,
				C102526D2210F44C002CBE85 /* Frameworks */,
				C102526E2210F44C002CBE85 /* Resources */,
				F5EBFE8773C3136E499DA6C0 /* [CP] Embed Pods Frameworks */,
			);
			buildRules = (
			);
			dependencies = (
			);
			name = "instagram-clone";
			productName = "instagram-clone";
			productReference = C10252702210F44C002CBE85 /* instagram-clone.app */;
			productType = "com.apple.product-type.application";
		};
/* End PBXNativeTarget section */

/* Begin PBXProject section */
		C10252682210F44C002CBE85 /* Project object */ = {
			isa = PBXProject;
			attributes = {
				LastSwiftUpdateCheck = 1010;
				LastUpgradeCheck = 1010;
				ORGANIZATIONNAME = "Roman Akhtariev";
				TargetAttributes = {
					C102526F2210F44C002CBE85 = {
						CreatedOnToolsVersion = 10.1;
					};
				};
			};
			buildConfigurationList = C102526B2210F44C002CBE85 /* Build configuration list for PBXProject "instagram-clone" */;
			compatibilityVersion = "Xcode 9.3";
			developmentRegion = en;
			hasScannedForEncodings = 0;
			knownRegions = (
				en,
				Base,
			);
			mainGroup = C10252672210F44C002CBE85;
			productRefGroup = C10252712210F44C002CBE85 /* Products */;
			projectDirPath = "";
			projectRoot = "";
			targets = (
				C102526F2210F44C002CBE85 /* instagram-clone */,
			);
		};
/* End PBXProject section */

/* Begin PBXResourcesBuildPhase section */
		C102526E2210F44C002CBE85 /* Resources */ = {
			isa = PBXResourcesBuildPhase;
			buildActionMask = 2147483647;
			files = (
				C102527E2210F44D002CBE85 /* LaunchScreen.storyboard in Resources */,
				C102527B2210F44D002CBE85 /* Assets.xcassets in Resources */,
				C102529222129032002CBE85 /* GoogleService-Info.plist in Resources */,
				C10252792210F44C002CBE85 /* Main.storyboard in Resources */,
			);
			runOnlyForDeploymentPostprocessing = 0;
		};
/* End PBXResourcesBuildPhase section */

/* Begin PBXShellScriptBuildPhase section */
		0AEAD5E98644F507130B96AF /* [CP] Check Pods Manifest.lock */ = {
			isa = PBXShellScriptBuildPhase;
			buildActionMask = 2147483647;
			files = (
			);
			inputPaths = (
				"${PODS_PODFILE_DIR_PATH}/Podfile.lock",
				"${PODS_ROOT}/Manifest.lock",
			);
			name = "[CP] Check Pods Manifest.lock";
			outputPaths = (
				"$(DERIVED_FILE_DIR)/Pods-instagram-clone-checkManifestLockResult.txt",
			);
			runOnlyForDeploymentPostprocessing = 0;
			shellPath = /bin/sh;
			shellScript = "diff \"${PODS_PODFILE_DIR_PATH}/Podfile.lock\" \"${PODS_ROOT}/Manifest.lock\" > /dev/null\nif [ $? != 0 ] ; then\n    # print error to STDERR\n    echo \"error: The sandbox is not in sync with the Podfile.lock. Run 'pod install' or update your CocoaPods installation.\" >&2\n    exit 1\nfi\n# This output is used by Xcode 'outputs' to avoid re-running this script phase.\necho \"SUCCESS\" > \"${SCRIPT_OUTPUT_FILE_0}\"\n";
			showEnvVarsInLog = 0;
		};
		F5EBFE8773C3136E499DA6C0 /* [CP] Embed Pods Frameworks */ = {
			isa = PBXShellScriptBuildPhase;
			buildActionMask = 2147483647;
			files = (
			);
			inputPaths = (
				"${SRCROOT}/Pods/Target Support Files/Pods-instagram-clone/Pods-instagram-clone-frameworks.sh",
				"${BUILT_PRODUCTS_DIR}/GTMSessionFetcher/GTMSessionFetcher.framework",
				"${BUILT_PRODUCTS_DIR}/GoogleToolboxForMac/GoogleToolboxForMac.framework",
				"${BUILT_PRODUCTS_DIR}/leveldb-library/leveldb.framework",
				"${BUILT_PRODUCTS_DIR}/nanopb/nanopb.framework",
			);
			name = "[CP] Embed Pods Frameworks";
			outputPaths = (
				"${TARGET_BUILD_DIR}/${FRAMEWORKS_FOLDER_PATH}/GTMSessionFetcher.framework",
				"${TARGET_BUILD_DIR}/${FRAMEWORKS_FOLDER_PATH}/GoogleToolboxForMac.framework",
				"${TARGET_BUILD_DIR}/${FRAMEWORKS_FOLDER_PATH}/leveldb.framework",
				"${TARGET_BUILD_DIR}/${FRAMEWORKS_FOLDER_PATH}/nanopb.framework",
			);
			runOnlyForDeploymentPostprocessing = 0;
			shellPath = /bin/sh;
			shellScript = "\"${SRCROOT}/Pods/Target Support Files/Pods-instagram-clone/Pods-instagram-clone-frameworks.sh\"\n";
			showEnvVarsInLog = 0;
		};
/* End PBXShellScriptBuildPhase section */

/* Begin PBXSourcesBuildPhase section */
		C102526C2210F44C002CBE85 /* Sources */ = {
			isa = PBXSourcesBuildPhase;
			buildActionMask = 2147483647;
			files = (
				C10252942213CDE4002CBE85 /* Constants.swift in Sources */,
				C102529022128692002CBE85 /* SignUpVC.swift in Sources */,
				C10252742210F44C002CBE85 /* AppDelegate.swift in Sources */,
				C102528A2210F4AB002CBE85 /* Extensions.swift in Sources */,
				C102528C2210F4CD002CBE85 /* LoginVC.swift in Sources */,
			);
			runOnlyForDeploymentPostprocessing = 0;
		};
/* End PBXSourcesBuildPhase section */

/* Begin PBXVariantGroup section */
		C10252772210F44C002CBE85 /* Main.storyboard */ = {
			isa = PBXVariantGroup;
			children = (
				C10252782210F44C002CBE85 /* Base */,
			);
			name = Main.storyboard;
			sourceTree = "<group>";
		};
		C102527C2210F44D002CBE85 /* LaunchScreen.storyboard */ = {
			isa = PBXVariantGroup;
			children = (
				C102527D2210F44D002CBE85 /* Base */,
			);
			name = LaunchScreen.storyboard;
			sourceTree = "<group>";
		};
/* End PBXVariantGroup section */

/* Begin XCBuildConfiguration section */
		C10252802210F44D002CBE85 /* Debug */ = {
			isa = XCBuildConfiguration;
			buildSettings = {
				ALWAYS_SEARCH_USER_PATHS = NO;
				CLANG_ANALYZER_NONNULL = YES;
				CLANG_ANALYZER_NUMBER_OBJECT_CONVERSION = YES_AGGRESSIVE;
				CLANG_CXX_LANGUAGE_STANDARD = "gnu++14";
				CLANG_CXX_LIBRARY = "libc++";
				CLANG_ENABLE_MODULES = YES;
				CLANG_ENABLE_OBJC_ARC = YES;
				CLANG_ENABLE_OBJC_WEAK = YES;
				CLANG_WARN_BLOCK_CAPTURE_AUTORELEASING = YES;
				CLANG_WARN_BOOL_CONVERSION = YES;
				CLANG_WARN_COMMA = YES;
				CLANG_WARN_CONSTANT_CONVERSION = YES;
				CLANG_WARN_DEPRECATED_OBJC_IMPLEMENTATIONS = YES;
				CLANG_WARN_DIRECT_OBJC_ISA_USAGE = YES_ERROR;
				CLANG_WARN_DOCUMENTATION_COMMENTS = YES;
				CLANG_WARN_EMPTY_BODY = YES;
				CLANG_WARN_ENUM_CONVERSION = YES;
				CLANG_WARN_INFINITE_RECURSION = YES;
				CLANG_WARN_INT_CONVERSION = YES;
				CLANG_WARN_NON_LITERAL_NULL_CONVERSION = YES;
				CLANG_WARN_OBJC_IMPLICIT_RETAIN_SELF = YES;
				CLANG_WARN_OBJC_LITERAL_CONVERSION = YES;
				CLANG_WARN_OBJC_ROOT_CLASS = YES_ERROR;
				CLANG_WARN_RANGE_LOOP_ANALYSIS = YES;
				CLANG_WARN_STRICT_PROTOTYPES = YES;
				CLANG_WARN_SUSPICIOUS_MOVE = YES;
				CLANG_WARN_UNGUARDED_AVAILABILITY = YES_AGGRESSIVE;
				CLANG_WARN_UNREACHABLE_CODE = YES;
				CLANG_WARN__DUPLICATE_METHOD_MATCH = YES;
				CODE_SIGN_IDENTITY = "iPhone Developer";
				COPY_PHASE_STRIP = NO;
				DEBUG_INFORMATION_FORMAT = dwarf;
				ENABLE_STRICT_OBJC_MSGSEND = YES;
				ENABLE_TESTABILITY = YES;
				GCC_C_LANGUAGE_STANDARD = gnu11;
				GCC_DYNAMIC_NO_PIC = NO;
				GCC_NO_COMMON_BLOCKS = YES;
				GCC_OPTIMIZATION_LEVEL = 0;
				GCC_PREPROCESSOR_DEFINITIONS = (
					"DEBUG=1",
					"$(inherited)",
				);
				GCC_WARN_64_TO_32_BIT_CONVERSION = YES;
				GCC_WARN_ABOUT_RETURN_TYPE = YES_ERROR;
				GCC_WARN_UNDECLARED_SELECTOR = YES;
				GCC_WARN_UNINITIALIZED_AUTOS = YES_AGGRESSIVE;
				GCC_WARN_UNUSED_FUNCTION = YES;
				GCC_WARN_UNUSED_VARIABLE = YES;
				IPHONEOS_DEPLOYMENT_TARGET = 12.1;
				MTL_ENABLE_DEBUG_INFO = INCLUDE_SOURCE;
				MTL_FAST_MATH = YES;
				ONLY_ACTIVE_ARCH = YES;
				SDKROOT = iphoneos;
				SWIFT_ACTIVE_COMPILATION_CONDITIONS = DEBUG;
				SWIFT_OPTIMIZATION_LEVEL = "-Onone";
			};
			name = Debug;
		};
		C10252812210F44D002CBE85 /* Release */ = {
			isa = XCBuildConfiguration;
			buildSettings = {
				ALWAYS_SEARCH_USER_PATHS = NO;
				CLANG_ANALYZER_NONNULL = YES;
				CLANG_ANALYZER_NUMBER_OBJECT_CONVERSION = YES_AGGRESSIVE;
				CLANG_CXX_LANGUAGE_STANDARD = "gnu++14";
				CLANG_CXX_LIBRARY = "libc++";
				CLANG_ENABLE_MODULES = YES;
				CLANG_ENABLE_OBJC_ARC = YES;
				CLANG_ENABLE_OBJC_WEAK = YES;
				CLANG_WARN_BLOCK_CAPTURE_AUTORELEASING = YES;
				CLANG_WARN_BOOL_CONVERSION = YES;
				CLANG_WARN_COMMA = YES;
				CLANG_WARN_CONSTANT_CONVERSION = YES;
				CLANG_WARN_DEPRECATED_OBJC_IMPLEMENTATIONS = YES;
				CLANG_WARN_DIRECT_OBJC_ISA_USAGE = YES_ERROR;
				CLANG_WARN_DOCUMENTATION_COMMENTS = YES;
				CLANG_WARN_EMPTY_BODY = YES;
				CLANG_WARN_ENUM_CONVERSION = YES;
				CLANG_WARN_INFINITE_RECURSION = YES;
				CLANG_WARN_INT_CONVERSION = YES;
				CLANG_WARN_NON_LITERAL_NULL_CONVERSION = YES;
				CLANG_WARN_OBJC_IMPLICIT_RETAIN_SELF = YES;
				CLANG_WARN_OBJC_LITERAL_CONVERSION = YES;
				CLANG_WARN_OBJC_ROOT_CLASS = YES_ERROR;
				CLANG_WARN_RANGE_LOOP_ANALYSIS = YES;
				CLANG_WARN_STRICT_PROTOTYPES = YES;
				CLANG_WARN_SUSPICIOUS_MOVE = YES;
				CLANG_WARN_UNGUARDED_AVAILABILITY = YES_AGGRESSIVE;
				CLANG_WARN_UNREACHABLE_CODE = YES;
				CLANG_WARN__DUPLICATE_METHOD_MATCH = YES;
				CODE_SIGN_IDENTITY = "iPhone Developer";
				COPY_PHASE_STRIP = NO;
				DEBUG_INFORMATION_FORMAT = "dwarf-with-dsym";
				ENABLE_NS_ASSERTIONS = NO;
				ENABLE_STRICT_OBJC_MSGSEND = YES;
				GCC_C_LANGUAGE_STANDARD = gnu11;
				GCC_NO_COMMON_BLOCKS = YES;
				GCC_WARN_64_TO_32_BIT_CONVERSION = YES;
				GCC_WARN_ABOUT_RETURN_TYPE = YES_ERROR;
				GCC_WARN_UNDECLARED_SELECTOR = YES;
				GCC_WARN_UNINITIALIZED_AUTOS = YES_AGGRESSIVE;
				GCC_WARN_UNUSED_FUNCTION = YES;
				GCC_WARN_UNUSED_VARIABLE = YES;
				IPHONEOS_DEPLOYMENT_TARGET = 12.1;
				MTL_ENABLE_DEBUG_INFO = NO;
				MTL_FAST_MATH = YES;
				SDKROOT = iphoneos;
				SWIFT_COMPILATION_MODE = wholemodule;
				SWIFT_OPTIMIZATION_LEVEL = "-O";
				VALIDATE_PRODUCT = YES;
			};
			name = Release;
		};
		C10252832210F44D002CBE85 /* Debug */ = {
			isa = XCBuildConfiguration;
			baseConfigurationReference = 81E769AA86B0956966DC5182 /* Pods-instagram-clone.debug.xcconfig */;
			buildSettings = {
				ASSETCATALOG_COMPILER_APPICON_NAME = AppIcon;
				CODE_SIGN_STYLE = Automatic;
				DEVELOPMENT_TEAM = ZX86QF7Y95;
				INFOPLIST_FILE = "instagram-clone/Info.plist";
				LD_RUNPATH_SEARCH_PATHS = (
					"$(inherited)",
					"@executable_path/Frameworks",
				);
				PRODUCT_BUNDLE_IDENTIFIER = "ca.collab.instagram-clone";
				PRODUCT_NAME = "$(TARGET_NAME)";
				SWIFT_VERSION = 4.2;
				TARGETED_DEVICE_FAMILY = "1,2";
			};
			name = Debug;
		};
		C10252842210F44D002CBE85 /* Release */ = {
			isa = XCBuildConfiguration;
			baseConfigurationReference = 3660E1F5CA763B8BEB4A8E0A /* Pods-instagram-clone.release.xcconfig */;
			buildSettings = {
				ASSETCATALOG_COMPILER_APPICON_NAME = AppIcon;
				CODE_SIGN_STYLE = Automatic;
				DEVELOPMENT_TEAM = ZX86QF7Y95;
				INFOPLIST_FILE = "instagram-clone/Info.plist";
				LD_RUNPATH_SEARCH_PATHS = (
					"$(inherited)",
					"@executable_path/Frameworks",
				);
				PRODUCT_BUNDLE_IDENTIFIER = "ca.collab.instagram-clone";
				PRODUCT_NAME = "$(TARGET_NAME)";
				SWIFT_VERSION = 4.2;
				TARGETED_DEVICE_FAMILY = "1,2";
			};
			name = Release;
		};
/* End XCBuildConfiguration section */

/* Begin XCConfigurationList section */
		C102526B2210F44C002CBE85 /* Build configuration list for PBXProject "instagram-clone" */ = {
			isa = XCConfigurationList;
			buildConfigurations = (
				C10252802210F44D002CBE85 /* Debug */,
				C10252812210F44D002CBE85 /* Release */,
			);
			defaultConfigurationIsVisible = 0;
			defaultConfigurationName = Release;
		};
		C10252822210F44D002CBE85 /* Build configuration list for PBXNativeTarget "instagram-clone" */ = {
			isa = XCConfigurationList;
			buildConfigurations = (
				C10252832210F44D002CBE85 /* Debug */,
				C10252842210F44D002CBE85 /* Release */,
			);
			defaultConfigurationIsVisible = 0;
			defaultConfigurationName = Release;
		};
/* End XCConfigurationList section */
	};
	rootObject = C10252682210F44C002CBE85 /* Project object */;
}
